// !$*UTF8*$!
{
	archiveVersion = 1;
	classes = {
	};
	objectVersion = 56;
	objects = {

/* Begin PBXBuildFile section */
		DB0C2AE32A226C6900D4D0F2 /* IssueData.swift in Sources */ = {isa = PBXBuildFile; fileRef = DB0C2AE22A226C6900D4D0F2 /* IssueData.swift */; };
		DB0C2AE52A226C8700D4D0F2 /* NetworkManager.swift in Sources */ = {isa = PBXBuildFile; fileRef = DB0C2AE42A226C8700D4D0F2 /* NetworkManager.swift */; };
		DB0C2AE72A227D5800D4D0F2 /* PrivateURL.swift in Sources */ = {isa = PBXBuildFile; fileRef = DB0C2AE62A227D5800D4D0F2 /* PrivateURL.swift */; };
		DB44ABF62A0CA8C9004F3353 /* TabBarViewController.swift in Sources */ = {isa = PBXBuildFile; fileRef = DB44ABF52A0CA8C9004F3353 /* TabBarViewController.swift */; };
		DB44ABF82A0CB0D5004F3353 /* NameSpace.swift in Sources */ = {isa = PBXBuildFile; fileRef = DB44ABF72A0CB0D5004F3353 /* NameSpace.swift */; };
		DB44AC002A0CBEF1004F3353 /* IssueListCollectionViewController.swift in Sources */ = {isa = PBXBuildFile; fileRef = DB44ABFF2A0CBEF1004F3353 /* IssueListCollectionViewController.swift */; };
		DB44AC022A0D1561004F3353 /* CollectionHeaderView.swift in Sources */ = {isa = PBXBuildFile; fileRef = DB44AC012A0D1561004F3353 /* CollectionHeaderView.swift */; };
		DB4C5B912A0B82EC0064C242 /* AppDelegate.swift in Sources */ = {isa = PBXBuildFile; fileRef = DB4C5B902A0B82EC0064C242 /* AppDelegate.swift */; };
		DB4C5B932A0B82EC0064C242 /* SceneDelegate.swift in Sources */ = {isa = PBXBuildFile; fileRef = DB4C5B922A0B82EC0064C242 /* SceneDelegate.swift */; };
		DB4C5B982A0B82EC0064C242 /* Main.storyboard in Resources */ = {isa = PBXBuildFile; fileRef = DB4C5B962A0B82EC0064C242 /* Main.storyboard */; };
		DB4C5B9A2A0B82ED0064C242 /* Assets.xcassets in Resources */ = {isa = PBXBuildFile; fileRef = DB4C5B992A0B82ED0064C242 /* Assets.xcassets */; };
		DB4C5B9D2A0B82ED0064C242 /* LaunchScreen.storyboard in Resources */ = {isa = PBXBuildFile; fileRef = DB4C5B9B2A0B82ED0064C242 /* LaunchScreen.storyboard */; };
		DB658E642A10D00B00D521C9 /* SF-Pro-Display-Semibold.otf in Resources */ = {isa = PBXBuildFile; fileRef = DB658E632A10D00B00D521C9 /* SF-Pro-Display-Semibold.otf */; };
		DB658E662A10D06800D521C9 /* SF-Pro-Display-Regular.otf in Resources */ = {isa = PBXBuildFile; fileRef = DB658E652A10D06800D521C9 /* SF-Pro-Display-Regular.otf */; };
		DB658E682A10D10700D521C9 /* SF-Pro-Display-Medium.otf in Resources */ = {isa = PBXBuildFile; fileRef = DB658E672A10D10700D521C9 /* SF-Pro-Display-Medium.otf */; };
		DB658E6A2A10D11C00D521C9 /* SF-Pro-Display-Bold.otf in Resources */ = {isa = PBXBuildFile; fileRef = DB658E692A10D11C00D521C9 /* SF-Pro-Display-Bold.otf */; };
		DB902B752A16AEE80007BEB9 /* IssueCell.swift in Sources */ = {isa = PBXBuildFile; fileRef = DB902B742A16AEE80007BEB9 /* IssueCell.swift */; };
		DB902B772A16AF0F0007BEB9 /* UIFont+Extension.swift in Sources */ = {isa = PBXBuildFile; fileRef = DB902B762A16AF0F0007BEB9 /* UIFont+Extension.swift */; };
		DB902B832A16BF540007BEB9 /* FilterTableViewController.swift in Sources */ = {isa = PBXBuildFile; fileRef = DB902B822A16BF540007BEB9 /* FilterTableViewController.swift */; };
		DBCF80F72A11D1F8008BED58 /* UIColor+Extension.swift in Sources */ = {isa = PBXBuildFile; fileRef = DBCF80F62A11D1F5008BED58 /* UIColor+Extension.swift */; };
		DBFACA962A1F1AA800D60438 /* CustomNavigationFilter.swift in Sources */ = {isa = PBXBuildFile; fileRef = DBFACA952A1F1AA800D60438 /* CustomNavigationFilter.swift */; };
		DBFACA982A1F2F2F00D60438 /* PaddingLabel.swift in Sources */ = {isa = PBXBuildFile; fileRef = DBFACA972A1F2F2F00D60438 /* PaddingLabel.swift */; };
		E05346E5DBC8E9DFC642EE57 /* Pods_Issue_tracker.framework in Frameworks */ = {isa = PBXBuildFile; fileRef = B94F74D84E2128C77C308753 /* Pods_Issue_tracker.framework */; };
/* End PBXBuildFile section */

/* Begin PBXFileReference section */
		0F66FA94D9D4EA16348D14FB /* Pods-Issue-tracker.release.xcconfig */ = {isa = PBXFileReference; includeInIndex = 1; lastKnownFileType = text.xcconfig; name = "Pods-Issue-tracker.release.xcconfig"; path = "Target Support Files/Pods-Issue-tracker/Pods-Issue-tracker.release.xcconfig"; sourceTree = "<group>"; };
		94811935BE967F35A55CF893 /* Pods-Issue-tracker.debug.xcconfig */ = {isa = PBXFileReference; includeInIndex = 1; lastKnownFileType = text.xcconfig; name = "Pods-Issue-tracker.debug.xcconfig"; path = "Target Support Files/Pods-Issue-tracker/Pods-Issue-tracker.debug.xcconfig"; sourceTree = "<group>"; };
		B94F74D84E2128C77C308753 /* Pods_Issue_tracker.framework */ = {isa = PBXFileReference; explicitFileType = wrapper.framework; includeInIndex = 0; path = Pods_Issue_tracker.framework; sourceTree = BUILT_PRODUCTS_DIR; };
		DB0C2AE22A226C6900D4D0F2 /* IssueData.swift */ = {isa = PBXFileReference; lastKnownFileType = sourcecode.swift; path = IssueData.swift; sourceTree = "<group>"; };
		DB0C2AE42A226C8700D4D0F2 /* NetworkManager.swift */ = {isa = PBXFileReference; lastKnownFileType = sourcecode.swift; path = NetworkManager.swift; sourceTree = "<group>"; };
		DB0C2AE62A227D5800D4D0F2 /* PrivateURL.swift */ = {isa = PBXFileReference; lastKnownFileType = sourcecode.swift; path = PrivateURL.swift; sourceTree = "<group>"; };
		DB44ABF52A0CA8C9004F3353 /* TabBarViewController.swift */ = {isa = PBXFileReference; lastKnownFileType = sourcecode.swift; path = TabBarViewController.swift; sourceTree = "<group>"; };
		DB44ABF72A0CB0D5004F3353 /* NameSpace.swift */ = {isa = PBXFileReference; lastKnownFileType = sourcecode.swift; path = NameSpace.swift; sourceTree = "<group>"; };
		DB44ABFF2A0CBEF1004F3353 /* IssueListCollectionViewController.swift */ = {isa = PBXFileReference; lastKnownFileType = sourcecode.swift; path = IssueListCollectionViewController.swift; sourceTree = "<group>"; };
		DB44AC012A0D1561004F3353 /* CollectionHeaderView.swift */ = {isa = PBXFileReference; lastKnownFileType = sourcecode.swift; path = CollectionHeaderView.swift; sourceTree = "<group>"; };
		DB4C5B8D2A0B82EC0064C242 /* Issue-tracker.app */ = {isa = PBXFileReference; explicitFileType = wrapper.application; includeInIndex = 0; path = "Issue-tracker.app"; sourceTree = BUILT_PRODUCTS_DIR; };
		DB4C5B902A0B82EC0064C242 /* AppDelegate.swift */ = {isa = PBXFileReference; lastKnownFileType = sourcecode.swift; path = AppDelegate.swift; sourceTree = "<group>"; };
		DB4C5B922A0B82EC0064C242 /* SceneDelegate.swift */ = {isa = PBXFileReference; lastKnownFileType = sourcecode.swift; path = SceneDelegate.swift; sourceTree = "<group>"; };
		DB4C5B972A0B82EC0064C242 /* Base */ = {isa = PBXFileReference; lastKnownFileType = file.storyboard; name = Base; path = Base.lproj/Main.storyboard; sourceTree = "<group>"; };
		DB4C5B992A0B82ED0064C242 /* Assets.xcassets */ = {isa = PBXFileReference; lastKnownFileType = folder.assetcatalog; path = Assets.xcassets; sourceTree = "<group>"; };
		DB4C5B9C2A0B82ED0064C242 /* Base */ = {isa = PBXFileReference; lastKnownFileType = file.storyboard; name = Base; path = Base.lproj/LaunchScreen.storyboard; sourceTree = "<group>"; };
		DB4C5B9E2A0B82ED0064C242 /* Info.plist */ = {isa = PBXFileReference; lastKnownFileType = text.plist.xml; path = Info.plist; sourceTree = "<group>"; };
		DB658E632A10D00B00D521C9 /* SF-Pro-Display-Semibold.otf */ = {isa = PBXFileReference; lastKnownFileType = file; path = "SF-Pro-Display-Semibold.otf"; sourceTree = "<group>"; };
		DB658E652A10D06800D521C9 /* SF-Pro-Display-Regular.otf */ = {isa = PBXFileReference; lastKnownFileType = file; path = "SF-Pro-Display-Regular.otf"; sourceTree = "<group>"; };
		DB658E672A10D10700D521C9 /* SF-Pro-Display-Medium.otf */ = {isa = PBXFileReference; lastKnownFileType = file; path = "SF-Pro-Display-Medium.otf"; sourceTree = "<group>"; };
		DB658E692A10D11C00D521C9 /* SF-Pro-Display-Bold.otf */ = {isa = PBXFileReference; lastKnownFileType = file; path = "SF-Pro-Display-Bold.otf"; sourceTree = "<group>"; };
		DB902B742A16AEE80007BEB9 /* IssueCell.swift */ = {isa = PBXFileReference; fileEncoding = 4; lastKnownFileType = sourcecode.swift; path = IssueCell.swift; sourceTree = "<group>"; };
		DB902B762A16AF0F0007BEB9 /* UIFont+Extension.swift */ = {isa = PBXFileReference; fileEncoding = 4; lastKnownFileType = sourcecode.swift; path = "UIFont+Extension.swift"; sourceTree = "<group>"; };
		DB902B822A16BF540007BEB9 /* FilterTableViewController.swift */ = {isa = PBXFileReference; lastKnownFileType = sourcecode.swift; path = FilterTableViewController.swift; sourceTree = "<group>"; };
		DBCF80F62A11D1F5008BED58 /* UIColor+Extension.swift */ = {isa = PBXFileReference; lastKnownFileType = sourcecode.swift; path = "UIColor+Extension.swift"; sourceTree = "<group>"; };
		DBFACA952A1F1AA800D60438 /* CustomNavigationFilter.swift */ = {isa = PBXFileReference; lastKnownFileType = sourcecode.swift; path = CustomNavigationFilter.swift; sourceTree = "<group>"; };
		DBFACA972A1F2F2F00D60438 /* PaddingLabel.swift */ = {isa = PBXFileReference; fileEncoding = 4; lastKnownFileType = sourcecode.swift; path = PaddingLabel.swift; sourceTree = "<group>"; };
/* End PBXFileReference section */

/* Begin PBXFrameworksBuildPhase section */
		DB4C5B8A2A0B82EC0064C242 /* Frameworks */ = {
			isa = PBXFrameworksBuildPhase;
			buildActionMask = 2147483647;
			files = (
				E05346E5DBC8E9DFC642EE57 /* Pods_Issue_tracker.framework in Frameworks */,
			);
			runOnlyForDeploymentPostprocessing = 0;
		};
/* End PBXFrameworksBuildPhase section */

/* Begin PBXGroup section */
		9814BD07C7D327B8CF3FBD97 /* Frameworks */ = {
			isa = PBXGroup;
			children = (
				B94F74D84E2128C77C308753 /* Pods_Issue_tracker.framework */,
			);
			name = Frameworks;
			sourceTree = "<group>";
		};
		DB0C2AE12A226C4A00D4D0F2 /* Network */ = {
			isa = PBXGroup;
			children = (
				DB0C2AE22A226C6900D4D0F2 /* IssueData.swift */,
				DB0C2AE42A226C8700D4D0F2 /* NetworkManager.swift */,
				DB0C2AE62A227D5800D4D0F2 /* PrivateURL.swift */,
			);
			path = Network;
			sourceTree = "<group>";
		};
		DB4C5B842A0B82EC0064C242 = {
			isa = PBXGroup;
			children = (
				DB4C5B8F2A0B82EC0064C242 /* Issue-tracker */,
				DB4C5B8E2A0B82EC0064C242 /* Products */,
				E6A7D243D3EBD6C5CA2FCC04 /* Pods */,
				9814BD07C7D327B8CF3FBD97 /* Frameworks */,
			);
			sourceTree = "<group>";
		};
		DB4C5B8E2A0B82EC0064C242 /* Products */ = {
			isa = PBXGroup;
			children = (
				DB4C5B8D2A0B82EC0064C242 /* Issue-tracker.app */,
			);
			name = Products;
			sourceTree = "<group>";
		};
		DB4C5B8F2A0B82EC0064C242 /* Issue-tracker */ = {
			isa = PBXGroup;
			children = (
				DB0C2AE12A226C4A00D4D0F2 /* Network */,
				DB902B812A16BEF00007BEB9 /* FilterIssueTable */,
				DB902B782A16B4D50007BEB9 /* IssueList */,
				DB902B7A2A16B5190007BEB9 /* Resource */,
				DB902B7C2A16B5EC0007BEB9 /* Help */,
				DB658E622A10CF1900D521C9 /* Font */,
				DB44ABF52A0CA8C9004F3353 /* TabBarViewController.swift */,
				DB4C5B9B2A0B82ED0064C242 /* LaunchScreen.storyboard */,
				DB4C5B9E2A0B82ED0064C242 /* Info.plist */,
			);
			path = "Issue-tracker";
			sourceTree = "<group>";
		};
		DB658E622A10CF1900D521C9 /* Font */ = {
			isa = PBXGroup;
			children = (
				DB658E652A10D06800D521C9 /* SF-Pro-Display-Regular.otf */,
				DB658E632A10D00B00D521C9 /* SF-Pro-Display-Semibold.otf */,
				DB658E672A10D10700D521C9 /* SF-Pro-Display-Medium.otf */,
				DB658E692A10D11C00D521C9 /* SF-Pro-Display-Bold.otf */,
			);
			name = Font;
			path = ..;
			sourceTree = "<group>";
		};
		DB902B782A16B4D50007BEB9 /* IssueList */ = {
			isa = PBXGroup;
			children = (
				DB44AC012A0D1561004F3353 /* CollectionHeaderView.swift */,
				DB44ABFF2A0CBEF1004F3353 /* IssueListCollectionViewController.swift */,
				DB902B742A16AEE80007BEB9 /* IssueCell.swift */,
				DBFACA972A1F2F2F00D60438 /* PaddingLabel.swift */,
			);
			path = IssueList;
			sourceTree = "<group>";
		};
		DB902B7A2A16B5190007BEB9 /* Resource */ = {
			isa = PBXGroup;
			children = (
				DB4C5B962A0B82EC0064C242 /* Main.storyboard */,
				DB4C5B992A0B82ED0064C242 /* Assets.xcassets */,
				DB4C5B922A0B82EC0064C242 /* SceneDelegate.swift */,
				DB4C5B902A0B82EC0064C242 /* AppDelegate.swift */,
			);
			path = Resource;
			sourceTree = "<group>";
		};
		DB902B7C2A16B5EC0007BEB9 /* Help */ = {
			isa = PBXGroup;
			children = (
				DB44ABF72A0CB0D5004F3353 /* NameSpace.swift */,
				DB902B762A16AF0F0007BEB9 /* UIFont+Extension.swift */,
				DBCF80F62A11D1F5008BED58 /* UIColor+Extension.swift */,
			);
			path = Help;
			sourceTree = "<group>";
		};
		DB902B812A16BEF00007BEB9 /* FilterIssueTable */ = {
			isa = PBXGroup;
			children = (
				DB902B822A16BF540007BEB9 /* FilterTableViewController.swift */,
				DBFACA952A1F1AA800D60438 /* CustomNavigationFilter.swift */,
			);
			path = FilterIssueTable;
			sourceTree = "<group>";
		};
		E6A7D243D3EBD6C5CA2FCC04 /* Pods */ = {
			isa = PBXGroup;
			children = (
				94811935BE967F35A55CF893 /* Pods-Issue-tracker.debug.xcconfig */,
				0F66FA94D9D4EA16348D14FB /* Pods-Issue-tracker.release.xcconfig */,
			);
			path = Pods;
			sourceTree = "<group>";
		};
/* End PBXGroup section */

/* Begin PBXNativeTarget section */
		DB4C5B8C2A0B82EC0064C242 /* Issue-tracker */ = {
			isa = PBXNativeTarget;
			buildConfigurationList = DB4C5BA12A0B82ED0064C242 /* Build configuration list for PBXNativeTarget "Issue-tracker" */;
			buildPhases = (
				263BFACF9591229C84B80C6A /* [CP] Check Pods Manifest.lock */,
				DB4C5B892A0B82EC0064C242 /* Sources */,
				DB4C5B8A2A0B82EC0064C242 /* Frameworks */,
				DB4C5B8B2A0B82EC0064C242 /* Resources */,
				DB3723EA2A0B849F009522E9 /* SwiftLint */,
			);
			buildRules = (
			);
			dependencies = (
			);
			name = "Issue-tracker";
			productName = "Issue-tracker";
			productReference = DB4C5B8D2A0B82EC0064C242 /* Issue-tracker.app */;
			productType = "com.apple.product-type.application";
		};
/* End PBXNativeTarget section */

/* Begin PBXProject section */
		DB4C5B852A0B82EC0064C242 /* Project object */ = {
			isa = PBXProject;
			attributes = {
				BuildIndependentTargetsInParallel = 1;
				LastSwiftUpdateCheck = 1420;
				LastUpgradeCheck = 1420;
				TargetAttributes = {
					DB4C5B8C2A0B82EC0064C242 = {
						CreatedOnToolsVersion = 14.2;
					};
				};
			};
			buildConfigurationList = DB4C5B882A0B82EC0064C242 /* Build configuration list for PBXProject "Issue-tracker" */;
			compatibilityVersion = "Xcode 14.0";
			developmentRegion = en;
			hasScannedForEncodings = 0;
			knownRegions = (
				en,
				Base,
			);
			mainGroup = DB4C5B842A0B82EC0064C242;
			productRefGroup = DB4C5B8E2A0B82EC0064C242 /* Products */;
			projectDirPath = "";
			projectRoot = "";
			targets = (
				DB4C5B8C2A0B82EC0064C242 /* Issue-tracker */,
			);
		};
/* End PBXProject section */

/* Begin PBXResourcesBuildPhase section */
		DB4C5B8B2A0B82EC0064C242 /* Resources */ = {
			isa = PBXResourcesBuildPhase;
			buildActionMask = 2147483647;
			files = (
				DB658E682A10D10700D521C9 /* SF-Pro-Display-Medium.otf in Resources */,
				DB658E642A10D00B00D521C9 /* SF-Pro-Display-Semibold.otf in Resources */,
				DB4C5B9D2A0B82ED0064C242 /* LaunchScreen.storyboard in Resources */,
				DB4C5B9A2A0B82ED0064C242 /* Assets.xcassets in Resources */,
				DB658E6A2A10D11C00D521C9 /* SF-Pro-Display-Bold.otf in Resources */,
				DB658E662A10D06800D521C9 /* SF-Pro-Display-Regular.otf in Resources */,
				DB4C5B982A0B82EC0064C242 /* Main.storyboard in Resources */,
			);
			runOnlyForDeploymentPostprocessing = 0;
		};
/* End PBXResourcesBuildPhase section */

/* Begin PBXShellScriptBuildPhase section */
		263BFACF9591229C84B80C6A /* [CP] Check Pods Manifest.lock */ = {
			isa = PBXShellScriptBuildPhase;
			buildActionMask = 2147483647;
			files = (
			);
			inputFileListPaths = (
			);
			inputPaths = (
				"${PODS_PODFILE_DIR_PATH}/Podfile.lock",
				"${PODS_ROOT}/Manifest.lock",
			);
			name = "[CP] Check Pods Manifest.lock";
			outputFileListPaths = (
			);
			outputPaths = (
				"$(DERIVED_FILE_DIR)/Pods-Issue-tracker-checkManifestLockResult.txt",
			);
			runOnlyForDeploymentPostprocessing = 0;
			shellPath = /bin/sh;
			shellScript = "diff \"${PODS_PODFILE_DIR_PATH}/Podfile.lock\" \"${PODS_ROOT}/Manifest.lock\" > /dev/null\nif [ $? != 0 ] ; then\n    # print error to STDERR\n    echo \"error: The sandbox is not in sync with the Podfile.lock. Run 'pod install' or update your CocoaPods installation.\" >&2\n    exit 1\nfi\n# This output is used by Xcode 'outputs' to avoid re-running this script phase.\necho \"SUCCESS\" > \"${SCRIPT_OUTPUT_FILE_0}\"\n";
			showEnvVarsInLog = 0;
		};
		DB3723EA2A0B849F009522E9 /* SwiftLint */ = {
			isa = PBXShellScriptBuildPhase;
			buildActionMask = 2147483647;
			files = (
			);
			inputFileListPaths = (
			);
			inputPaths = (
			);
			name = SwiftLint;
			outputFileListPaths = (
			);
			outputPaths = (
			);
			runOnlyForDeploymentPostprocessing = 0;
			shellPath = /bin/sh;
			shellScript = "\"${PODS_ROOT}/SwiftLint/swiftlint\"\n";
		};
/* End PBXShellScriptBuildPhase section */

/* Begin PBXSourcesBuildPhase section */
		DB4C5B892A0B82EC0064C242 /* Sources */ = {
			isa = PBXSourcesBuildPhase;
			buildActionMask = 2147483647;
			files = (
				DBFACA982A1F2F2F00D60438 /* PaddingLabel.swift in Sources */,
				DB902B832A16BF540007BEB9 /* FilterTableViewController.swift in Sources */,
				DBCF80F72A11D1F8008BED58 /* UIColor+Extension.swift in Sources */,
				DB0C2AE32A226C6900D4D0F2 /* IssueData.swift in Sources */,
				DBFACA962A1F1AA800D60438 /* CustomNavigationFilter.swift in Sources */,
				DB0C2AE72A227D5800D4D0F2 /* PrivateURL.swift in Sources */,
				DB44ABF62A0CA8C9004F3353 /* TabBarViewController.swift in Sources */,
				DB4C5B912A0B82EC0064C242 /* AppDelegate.swift in Sources */,
				DB902B752A16AEE80007BEB9 /* IssueCell.swift in Sources */,
				DB44ABF82A0CB0D5004F3353 /* NameSpace.swift in Sources */,
				DB44AC022A0D1561004F3353 /* CollectionHeaderView.swift in Sources */,
				DB0C2AE52A226C8700D4D0F2 /* NetworkManager.swift in Sources */,
				DB902B772A16AF0F0007BEB9 /* UIFont+Extension.swift in Sources */,
				DB44AC002A0CBEF1004F3353 /* IssueListCollectionViewController.swift in Sources */,
				DB4C5B932A0B82EC0064C242 /* SceneDelegate.swift in Sources */,
			);
			runOnlyForDeploymentPostprocessing = 0;
		};
/* End PBXSourcesBuildPhase section */

/* Begin PBXVariantGroup section */
		DB4C5B962A0B82EC0064C242 /* Main.storyboard */ = {
			isa = PBXVariantGroup;
			children = (
				DB4C5B972A0B82EC0064C242 /* Base */,
			);
			name = Main.storyboard;
			sourceTree = "<group>";
		};
		DB4C5B9B2A0B82ED0064C242 /* LaunchScreen.storyboard */ = {
			isa = PBXVariantGroup;
			children = (
				DB4C5B9C2A0B82ED0064C242 /* Base */,
			);
			name = LaunchScreen.storyboard;
			sourceTree = "<group>";
		};
/* End PBXVariantGroup section */

/* Begin XCBuildConfiguration section */
		DB4C5B9F2A0B82ED0064C242 /* Debug */ = {
			isa = XCBuildConfiguration;
			buildSettings = {
				ALWAYS_SEARCH_USER_PATHS = NO;
				CLANG_ANALYZER_NONNULL = YES;
				CLANG_ANALYZER_NUMBER_OBJECT_CONVERSION = YES_AGGRESSIVE;
				CLANG_CXX_LANGUAGE_STANDARD = "gnu++20";
				CLANG_ENABLE_MODULES = YES;
				CLANG_ENABLE_OBJC_ARC = YES;
				CLANG_ENABLE_OBJC_WEAK = YES;
				CLANG_WARN_BLOCK_CAPTURE_AUTORELEASING = YES;
				CLANG_WARN_BOOL_CONVERSION = YES;
				CLANG_WARN_COMMA = YES;
				CLANG_WARN_CONSTANT_CONVERSION = YES;
				CLANG_WARN_DEPRECATED_OBJC_IMPLEMENTATIONS = YES;
				CLANG_WARN_DIRECT_OBJC_ISA_USAGE = YES_ERROR;
				CLANG_WARN_DOCUMENTATION_COMMENTS = YES;
				CLANG_WARN_EMPTY_BODY = YES;
				CLANG_WARN_ENUM_CONVERSION = YES;
				CLANG_WARN_INFINITE_RECURSION = YES;
				CLANG_WARN_INT_CONVERSION = YES;
				CLANG_WARN_NON_LITERAL_NULL_CONVERSION = YES;
				CLANG_WARN_OBJC_IMPLICIT_RETAIN_SELF = YES;
				CLANG_WARN_OBJC_LITERAL_CONVERSION = YES;
				CLANG_WARN_OBJC_ROOT_CLASS = YES_ERROR;
				CLANG_WARN_QUOTED_INCLUDE_IN_FRAMEWORK_HEADER = YES;
				CLANG_WARN_RANGE_LOOP_ANALYSIS = YES;
				CLANG_WARN_STRICT_PROTOTYPES = YES;
				CLANG_WARN_SUSPICIOUS_MOVE = YES;
				CLANG_WARN_UNGUARDED_AVAILABILITY = YES_AGGRESSIVE;
				CLANG_WARN_UNREACHABLE_CODE = YES;
				CLANG_WARN__DUPLICATE_METHOD_MATCH = YES;
				COPY_PHASE_STRIP = NO;
				DEBUG_INFORMATION_FORMAT = dwarf;
				ENABLE_STRICT_OBJC_MSGSEND = YES;
				ENABLE_TESTABILITY = YES;
				GCC_C_LANGUAGE_STANDARD = gnu11;
				GCC_DYNAMIC_NO_PIC = NO;
				GCC_NO_COMMON_BLOCKS = YES;
				GCC_OPTIMIZATION_LEVEL = 0;
				GCC_PREPROCESSOR_DEFINITIONS = (
					"DEBUG=1",
					"$(inherited)",
				);
				GCC_WARN_64_TO_32_BIT_CONVERSION = YES;
				GCC_WARN_ABOUT_RETURN_TYPE = YES_ERROR;
				GCC_WARN_UNDECLARED_SELECTOR = YES;
				GCC_WARN_UNINITIALIZED_AUTOS = YES_AGGRESSIVE;
				GCC_WARN_UNUSED_FUNCTION = YES;
				GCC_WARN_UNUSED_VARIABLE = YES;
				IPHONEOS_DEPLOYMENT_TARGET = 16.2;
				MTL_ENABLE_DEBUG_INFO = INCLUDE_SOURCE;
				MTL_FAST_MATH = YES;
				ONLY_ACTIVE_ARCH = YES;
				SDKROOT = iphoneos;
				SWIFT_ACTIVE_COMPILATION_CONDITIONS = DEBUG;
				SWIFT_OPTIMIZATION_LEVEL = "-Onone";
			};
			name = Debug;
		};
		DB4C5BA02A0B82ED0064C242 /* Release */ = {
			isa = XCBuildConfiguration;
			buildSettings = {
				ALWAYS_SEARCH_USER_PATHS = NO;
				CLANG_ANALYZER_NONNULL = YES;
				CLANG_ANALYZER_NUMBER_OBJECT_CONVERSION = YES_AGGRESSIVE;
				CLANG_CXX_LANGUAGE_STANDARD = "gnu++20";
				CLANG_ENABLE_MODULES = YES;
				CLANG_ENABLE_OBJC_ARC = YES;
				CLANG_ENABLE_OBJC_WEAK = YES;
				CLANG_WARN_BLOCK_CAPTURE_AUTORELEASING = YES;
				CLANG_WARN_BOOL_CONVERSION = YES;
				CLANG_WARN_COMMA = YES;
				CLANG_WARN_CONSTANT_CONVERSION = YES;
				CLANG_WARN_DEPRECATED_OBJC_IMPLEMENTATIONS = YES;
				CLANG_WARN_DIRECT_OBJC_ISA_USAGE = YES_ERROR;
				CLANG_WARN_DOCUMENTATION_COMMENTS = YES;
				CLANG_WARN_EMPTY_BODY = YES;
				CLANG_WARN_ENUM_CONVERSION = YES;
				CLANG_WARN_INFINITE_RECURSION = YES;
				CLANG_WARN_INT_CONVERSION = YES;
				CLANG_WARN_NON_LITERAL_NULL_CONVERSION = YES;
				CLANG_WARN_OBJC_IMPLICIT_RETAIN_SELF = YES;
				CLANG_WARN_OBJC_LITERAL_CONVERSION = YES;
				CLANG_WARN_OBJC_ROOT_CLASS = YES_ERROR;
				CLANG_WARN_QUOTED_INCLUDE_IN_FRAMEWORK_HEADER = YES;
				CLANG_WARN_RANGE_LOOP_ANALYSIS = YES;
				CLANG_WARN_STRICT_PROTOTYPES = YES;
				CLANG_WARN_SUSPICIOUS_MOVE = YES;
				CLANG_WARN_UNGUARDED_AVAILABILITY = YES_AGGRESSIVE;
				CLANG_WARN_UNREACHABLE_CODE = YES;
				CLANG_WARN__DUPLICATE_METHOD_MATCH = YES;
				COPY_PHASE_STRIP = NO;
				DEBUG_INFORMATION_FORMAT = "dwarf-with-dsym";
				ENABLE_NS_ASSERTIONS = NO;
				ENABLE_STRICT_OBJC_MSGSEND = YES;
				GCC_C_LANGUAGE_STANDARD = gnu11;
				GCC_NO_COMMON_BLOCKS = YES;
				GCC_WARN_64_TO_32_BIT_CONVERSION = YES;
				GCC_WARN_ABOUT_RETURN_TYPE = YES_ERROR;
				GCC_WARN_UNDECLARED_SELECTOR = YES;
				GCC_WARN_UNINITIALIZED_AUTOS = YES_AGGRESSIVE;
				GCC_WARN_UNUSED_FUNCTION = YES;
				GCC_WARN_UNUSED_VARIABLE = YES;
				IPHONEOS_DEPLOYMENT_TARGET = 16.2;
				MTL_ENABLE_DEBUG_INFO = NO;
				MTL_FAST_MATH = YES;
				SDKROOT = iphoneos;
				SWIFT_COMPILATION_MODE = wholemodule;
				SWIFT_OPTIMIZATION_LEVEL = "-O";
				VALIDATE_PRODUCT = YES;
			};
			name = Release;
		};
		DB4C5BA22A0B82ED0064C242 /* Debug */ = {
			isa = XCBuildConfiguration;
			baseConfigurationReference = 94811935BE967F35A55CF893 /* Pods-Issue-tracker.debug.xcconfig */;
			buildSettings = {
				ASSETCATALOG_COMPILER_APPICON_NAME = AppIcon;
				ASSETCATALOG_COMPILER_GLOBAL_ACCENT_COLOR_NAME = AccentColor;
				CODE_SIGN_STYLE = Automatic;
				CURRENT_PROJECT_VERSION = 1;
				GENERATE_INFOPLIST_FILE = YES;
				INFOPLIST_FILE = "Issue-tracker/Info.plist";
				INFOPLIST_KEY_UIApplicationSupportsIndirectInputEvents = YES;
				INFOPLIST_KEY_UILaunchStoryboardName = LaunchScreen;
				INFOPLIST_KEY_UIMainStoryboardFile = Main;
				INFOPLIST_KEY_UISupportedInterfaceOrientations_iPad = "UIInterfaceOrientationPortrait UIInterfaceOrientationPortraitUpsideDown UIInterfaceOrientationLandscapeLeft UIInterfaceOrientationLandscapeRight";
				INFOPLIST_KEY_UISupportedInterfaceOrientations_iPhone = "UIInterfaceOrientationPortrait UIInterfaceOrientationLandscapeLeft UIInterfaceOrientationLandscapeRight";
				LD_RUNPATH_SEARCH_PATHS = (
					"$(inherited)",
					"@executable_path/Frameworks",
				);
				MARKETING_VERSION = 1.0;
				PRODUCT_BUNDLE_IDENTIFIER = "com.hwajin.Issue-tracker";
				PRODUCT_NAME = "$(TARGET_NAME)";
				SWIFT_EMIT_LOC_STRINGS = YES;
				SWIFT_VERSION = 5.0;
				TARGETED_DEVICE_FAMILY = "1,2";
			};
			name = Debug;
		};
		DB4C5BA32A0B82ED0064C242 /* Release */ = {
			isa = XCBuildConfiguration;
			baseConfigurationReference = 0F66FA94D9D4EA16348D14FB /* Pods-Issue-tracker.release.xcconfig */;
			buildSettings = {
				ASSETCATALOG_COMPILER_APPICON_NAME = AppIcon;
				ASSETCATALOG_COMPILER_GLOBAL_ACCENT_COLOR_NAME = AccentColor;
				CODE_SIGN_STYLE = Automatic;
				CURRENT_PROJECT_VERSION = 1;
				GENERATE_INFOPLIST_FILE = YES;
				INFOPLIST_FILE = "Issue-tracker/Info.plist";
				INFOPLIST_KEY_UIApplicationSupportsIndirectInputEvents = YES;
				INFOPLIST_KEY_UILaunchStoryboardName = LaunchScreen;
				INFOPLIST_KEY_UIMainStoryboardFile = Main;
				INFOPLIST_KEY_UISupportedInterfaceOrientations_iPad = "UIInterfaceOrientationPortrait UIInterfaceOrientationPortraitUpsideDown UIInterfaceOrientationLandscapeLeft UIInterfaceOrientationLandscapeRight";
				INFOPLIST_KEY_UISupportedInterfaceOrientations_iPhone = "UIInterfaceOrientationPortrait UIInterfaceOrientationLandscapeLeft UIInterfaceOrientationLandscapeRight";
				LD_RUNPATH_SEARCH_PATHS = (
					"$(inherited)",
					"@executable_path/Frameworks",
				);
				MARKETING_VERSION = 1.0;
				PRODUCT_BUNDLE_IDENTIFIER = "com.hwajin.Issue-tracker";
				PRODUCT_NAME = "$(TARGET_NAME)";
				SWIFT_EMIT_LOC_STRINGS = YES;
				SWIFT_VERSION = 5.0;
				TARGETED_DEVICE_FAMILY = "1,2";
			};
			name = Release;
		};
/* End XCBuildConfiguration section */

/* Begin XCConfigurationList section */
		DB4C5B882A0B82EC0064C242 /* Build configuration list for PBXProject "Issue-tracker" */ = {
			isa = XCConfigurationList;
			buildConfigurations = (
				DB4C5B9F2A0B82ED0064C242 /* Debug */,
				DB4C5BA02A0B82ED0064C242 /* Release */,
			);
			defaultConfigurationIsVisible = 0;
			defaultConfigurationName = Release;
		};
		DB4C5BA12A0B82ED0064C242 /* Build configuration list for PBXNativeTarget "Issue-tracker" */ = {
			isa = XCConfigurationList;
			buildConfigurations = (
				DB4C5BA22A0B82ED0064C242 /* Debug */,
				DB4C5BA32A0B82ED0064C242 /* Release */,
			);
			defaultConfigurationIsVisible = 0;
			defaultConfigurationName = Release;
		};
/* End XCConfigurationList section */
	};
	rootObject = DB4C5B852A0B82EC0064C242 /* Project object */;
}
